
Microsoft Visual Studio Solution File, Format Version 12.00
# Visual Studio Version 17
VisualStudioVersion = 17.5.33414.496
MinimumVisualStudioVersion = 10.0.40219.1
Project("{FAE04EC0-301F-11D3-BF4B-00C04F79EFBC}") = "atv06", "atv06\atv06.csproj", "{2B43C736-A281-485C-8A00-E10E5DD5B5BF}"
EndProject
Global
	GlobalSection(SolutionConfigurationPlatforms) = preSolution
		Debug|Any CPU = Debug|Any CPU
		Release|Any CPU = Release|Any CPU
	EndGlobalSection
	GlobalSection(ProjectConfigurationPlatforms) = postSolution
		{2B43C736-A281-485C-8A00-E10E5DD5B5BF}.Debug|Any CPU.ActiveCfg = Debug|Any CPU
		{2B43C736-A281-485C-8A00-E10E5DD5B5BF}.Debug|Any CPU.Build.0 = Debug|Any CPU
		{2B43C736-A281-485C-8A00-E10E5DD5B5BF}.Release|Any CPU.ActiveCfg = Release|Any CPU
		{2B43C736-A281-485C-8A00-E10E5DD5B5BF}.Release|Any CPU.Build.0 = Release|Any CPU
	EndGlobalSection
	GlobalSection(SolutionProperties) = preSolution
		HideSolutionNode = FALSE
	EndGlobalSection
	GlobalSection(ExtensibilityGlobals) = postSolution
		SolutionGuid = {97CF35DB-A159-438D-8BA1-D7EB8BA204FA}
	EndGlobalSection
EndGlobal
